// !$*UTF8*$!
{
	archiveVersion = 1;
	classes = {
	};
	objectVersion = 46;
	objects = {

/* Begin PBXBuildFile section */
		1F7760701DAF7369003AEA3C /* AppDelegate.swift in Sources */ = {isa = PBXBuildFile; fileRef = 1F77606F1DAF7369003AEA3C /* AppDelegate.swift */; };
		1F7760721DAF7369003AEA3C /* ViewController.swift in Sources */ = {isa = PBXBuildFile; fileRef = 1F7760711DAF7369003AEA3C /* ViewController.swift */; };
		1F7760751DAF7369003AEA3C /* Main.storyboard in Resources */ = {isa = PBXBuildFile; fileRef = 1F7760731DAF7369003AEA3C /* Main.storyboard */; };
		1F7760781DAF7369003AEA3C /* Untremor.xcdatamodeld in Sources */ = {isa = PBXBuildFile; fileRef = 1F7760761DAF7369003AEA3C /* Untremor.xcdatamodeld */; };
		1F77607A1DAF7369003AEA3C /* Assets.xcassets in Resources */ = {isa = PBXBuildFile; fileRef = 1F7760791DAF7369003AEA3C /* Assets.xcassets */; };
		1F77607D1DAF7369003AEA3C /* LaunchScreen.storyboard in Resources */ = {isa = PBXBuildFile; fileRef = 1F77607B1DAF7369003AEA3C /* LaunchScreen.storyboard */; };
		1F7760881DAF7369003AEA3C /* UntremorTests.swift in Sources */ = {isa = PBXBuildFile; fileRef = 1F7760871DAF7369003AEA3C /* UntremorTests.swift */; };
		1F7760931DAF7369003AEA3C /* UntremorUITests.swift in Sources */ = {isa = PBXBuildFile; fileRef = 1F7760921DAF7369003AEA3C /* UntremorUITests.swift */; };
/* End PBXBuildFile section */

/* Begin PBXContainerItemProxy section */
		1F7760841DAF7369003AEA3C /* PBXContainerItemProxy */ = {
			isa = PBXContainerItemProxy;
			containerPortal = 1F7760641DAF7368003AEA3C /* Project object */;
			proxyType = 1;
			remoteGlobalIDString = 1F77606B1DAF7368003AEA3C;
			remoteInfo = Untremor;
		};
		1F77608F1DAF7369003AEA3C /* PBXContainerItemProxy */ = {
			isa = PBXContainerItemProxy;
			containerPortal = 1F7760641DAF7368003AEA3C /* Project object */;
			proxyType = 1;
			remoteGlobalIDString = 1F77606B1DAF7368003AEA3C;
			remoteInfo = Untremor;
		};
/* End PBXContainerItemProxy section */

/* Begin PBXFileReference section */
		1F77606C1DAF7369003AEA3C /* Untremor.app */ = {isa = PBXFileReference; explicitFileType = wrapper.application; includeInIndex = 0; path = Untremor.app; sourceTree = BUILT_PRODUCTS_DIR; };
		1F77606F1DAF7369003AEA3C /* AppDelegate.swift */ = {isa = PBXFileReference; lastKnownFileType = sourcecode.swift; path = AppDelegate.swift; sourceTree = "<group>"; };
		1F7760711DAF7369003AEA3C /* ViewController.swift */ = {isa = PBXFileReference; lastKnownFileType = sourcecode.swift; path = ViewController.swift; sourceTree = "<group>"; };
		1F7760741DAF7369003AEA3C /* Base */ = {isa = PBXFileReference; lastKnownFileType = file.storyboard; name = Base; path = Base.lproj/Main.storyboard; sourceTree = "<group>"; };
		1F7760771DAF7369003AEA3C /* Untremor.xcdatamodel */ = {isa = PBXFileReference; lastKnownFileType = wrapper.xcdatamodel; path = Untremor.xcdatamodel; sourceTree = "<group>"; };
		1F7760791DAF7369003AEA3C /* Assets.xcassets */ = {isa = PBXFileReference; lastKnownFileType = folder.assetcatalog; path = Assets.xcassets; sourceTree = "<group>"; };
		1F77607C1DAF7369003AEA3C /* Base */ = {isa = PBXFileReference; lastKnownFileType = file.storyboard; name = Base; path = Base.lproj/LaunchScreen.storyboard; sourceTree = "<group>"; };
		1F77607E1DAF7369003AEA3C /* Info.plist */ = {isa = PBXFileReference; lastKnownFileType = text.plist.xml; path = Info.plist; sourceTree = "<group>"; };
		1F7760831DAF7369003AEA3C /* UntremorTests.xctest */ = {isa = PBXFileReference; explicitFileType = wrapper.cfbundle; includeInIndex = 0; path = UntremorTests.xctest; sourceTree = BUILT_PRODUCTS_DIR; };
		1F7760871DAF7369003AEA3C /* UntremorTests.swift */ = {isa = PBXFileReference; lastKnownFileType = sourcecode.swift; path = UntremorTests.swift; sourceTree = "<group>"; };
		1F7760891DAF7369003AEA3C /* Info.plist */ = {isa = PBXFileReference; lastKnownFileType = text.plist.xml; path = Info.plist; sourceTree = "<group>"; };
		1F77608E1DAF7369003AEA3C /* UntremorUITests.xctest */ = {isa = PBXFileReference; explicitFileType = wrapper.cfbundle; includeInIndex = 0; path = UntremorUITests.xctest; sourceTree = BUILT_PRODUCTS_DIR; };
		1F7760921DAF7369003AEA3C /* UntremorUITests.swift */ = {isa = PBXFileReference; lastKnownFileType = sourcecode.swift; path = UntremorUITests.swift; sourceTree = "<group>"; };
		1F7760941DAF7369003AEA3C /* Info.plist */ = {isa = PBXFileReference; lastKnownFileType = text.plist.xml; path = Info.plist; sourceTree = "<group>"; };
/* End PBXFileReference section */

/* Begin PBXFrameworksBuildPhase section */
		1F7760691DAF7368003AEA3C /* Frameworks */ = {
			isa = PBXFrameworksBuildPhase;
			buildActionMask = 2147483647;
			files = (
			);
			runOnlyForDeploymentPostprocessing = 0;
		};
		1F7760801DAF7369003AEA3C /* Frameworks */ = {
			isa = PBXFrameworksBuildPhase;
			buildActionMask = 2147483647;
			files = (
			);
			runOnlyForDeploymentPostprocessing = 0;
		};
		1F77608B1DAF7369003AEA3C /* Frameworks */ = {
			isa = PBXFrameworksBuildPhase;
			buildActionMask = 2147483647;
			files = (
			);
			runOnlyForDeploymentPostprocessing = 0;
		};
/* End PBXFrameworksBuildPhase section */

/* Begin PBXGroup section */
		1F7760631DAF7368003AEA3C = {
			isa = PBXGroup;
			children = (
				1F77606E1DAF7369003AEA3C /* Untremor */,
				1F7760861DAF7369003AEA3C /* UntremorTests */,
				1F7760911DAF7369003AEA3C /* UntremorUITests */,
				1F77606D1DAF7369003AEA3C /* Products */,
			);
			sourceTree = "<group>";
		};
		1F77606D1DAF7369003AEA3C /* Products */ = {
			isa = PBXGroup;
			children = (
				1F77606C1DAF7369003AEA3C /* Untremor.app */,
				1F7760831DAF7369003AEA3C /* UntremorTests.xctest */,
				1F77608E1DAF7369003AEA3C /* UntremorUITests.xctest */,
			);
			name = Products;
			sourceTree = "<group>";
		};
		1F77606E1DAF7369003AEA3C /* Untremor */ = {
			isa = PBXGroup;
			children = (
				1F77606F1DAF7369003AEA3C /* AppDelegate.swift */,
				1F7760711DAF7369003AEA3C /* ViewController.swift */,
				1F7760731DAF7369003AEA3C /* Main.storyboard */,
				1F7760791DAF7369003AEA3C /* Assets.xcassets */,
				1F77607B1DAF7369003AEA3C /* LaunchScreen.storyboard */,
				1F77607E1DAF7369003AEA3C /* Info.plist */,
				1F7760761DAF7369003AEA3C /* Untremor.xcdatamodeld */,
			);
			path = Untremor;
			sourceTree = "<group>";
		};
		1F7760861DAF7369003AEA3C /* UntremorTests */ = {
			isa = PBXGroup;
			children = (
				1F7760871DAF7369003AEA3C /* UntremorTests.swift */,
				1F7760891DAF7369003AEA3C /* Info.plist */,
			);
			path = UntremorTests;
			sourceTree = "<group>";
		};
		1F7760911DAF7369003AEA3C /* UntremorUITests */ = {
			isa = PBXGroup;
			children = (
				1F7760921DAF7369003AEA3C /* UntremorUITests.swift */,
				1F7760941DAF7369003AEA3C /* Info.plist */,
			);
			path = UntremorUITests;
			sourceTree = "<group>";
		};
/* End PBXGroup section */

/* Begin PBXNativeTarget section */
		1F77606B1DAF7368003AEA3C /* Untremor */ = {
			isa = PBXNativeTarget;
			buildConfigurationList = 1F7760971DAF7369003AEA3C /* Build configuration list for PBXNativeTarget "Untremor" */;
			buildPhases = (
				1F7760681DAF7368003AEA3C /* Sources */,
				1F7760691DAF7368003AEA3C /* Frameworks */,
				1F77606A1DAF7368003AEA3C /* Resources */,
			);
			buildRules = (
			);
			dependencies = (
			);
			name = Untremor;
			productName = Untremor;
			productReference = 1F77606C1DAF7369003AEA3C /* Untremor.app */;
			productType = "com.apple.product-type.application";
		};
		1F7760821DAF7369003AEA3C /* UntremorTests */ = {
			isa = PBXNativeTarget;
			buildConfigurationList = 1F77609A1DAF7369003AEA3C /* Build configuration list for PBXNativeTarget "UntremorTests" */;
			buildPhases = (
				1F77607F1DAF7369003AEA3C /* Sources */,
				1F7760801DAF7369003AEA3C /* Frameworks */,
				1F7760811DAF7369003AEA3C /* Resources */,
			);
			buildRules = (
			);
			dependencies = (
				1F7760851DAF7369003AEA3C /* PBXTargetDependency */,
			);
			name = UntremorTests;
			productName = UntremorTests;
			productReference = 1F7760831DAF7369003AEA3C /* UntremorTests.xctest */;
			productType = "com.apple.product-type.bundle.unit-test";
		};
		1F77608D1DAF7369003AEA3C /* UntremorUITests */ = {
			isa = PBXNativeTarget;
			buildConfigurationList = 1F77609D1DAF7369003AEA3C /* Build configuration list for PBXNativeTarget "UntremorUITests" */;
			buildPhases = (
				1F77608A1DAF7369003AEA3C /* Sources */,
				1F77608B1DAF7369003AEA3C /* Frameworks */,
				1F77608C1DAF7369003AEA3C /* Resources */,
			);
			buildRules = (
			);
			dependencies = (
				1F7760901DAF7369003AEA3C /* PBXTargetDependency */,
			);
			name = UntremorUITests;
			productName = UntremorUITests;
			productReference = 1F77608E1DAF7369003AEA3C /* UntremorUITests.xctest */;
			productType = "com.apple.product-type.bundle.ui-testing";
		};
/* End PBXNativeTarget section */

/* Begin PBXProject section */
		1F7760641DAF7368003AEA3C /* Project object */ = {
			isa = PBXProject;
			attributes = {
				LastSwiftUpdateCheck = 0800;
				LastUpgradeCheck = 0800;
				ORGANIZATIONNAME = "Dor Rondel";
				TargetAttributes = {
					1F77606B1DAF7368003AEA3C = {
						CreatedOnToolsVersion = 8.0;
						ProvisioningStyle = Automatic;
					};
					1F7760821DAF7369003AEA3C = {
						CreatedOnToolsVersion = 8.0;
						ProvisioningStyle = Automatic;
						TestTargetID = 1F77606B1DAF7368003AEA3C;
					};
					1F77608D1DAF7369003AEA3C = {
						CreatedOnToolsVersion = 8.0;
						ProvisioningStyle = Automatic;
						TestTargetID = 1F77606B1DAF7368003AEA3C;
					};
				};
			};
			buildConfigurationList = 1F7760671DAF7368003AEA3C /* Build configuration list for PBXProject "Untremor" */;
			compatibilityVersion = "Xcode 3.2";
			developmentRegion = English;
			hasScannedForEncodings = 0;
			knownRegions = (
				en,
				Base,
			);
			mainGroup = 1F7760631DAF7368003AEA3C;
			productRefGroup = 1F77606D1DAF7369003AEA3C /* Products */;
			projectDirPath = "";
			projectRoot = "";
			targets = (
				1F77606B1DAF7368003AEA3C /* Untremor */,
				1F7760821DAF7369003AEA3C /* UntremorTests */,
				1F77608D1DAF7369003AEA3C /* UntremorUITests */,
			);
		};
/* End PBXProject section */

/* Begin PBXResourcesBuildPhase section */
		1F77606A1DAF7368003AEA3C /* Resources */ = {
			isa = PBXResourcesBuildPhase;
			buildActionMask = 2147483647;
			files = (
				1F77607D1DAF7369003AEA3C /* LaunchScreen.storyboard in Resources */,
				1F77607A1DAF7369003AEA3C /* Assets.xcassets in Resources */,
				1F7760751DAF7369003AEA3C /* Main.storyboard in Resources */,
			);
			runOnlyForDeploymentPostprocessing = 0;
		};
		1F7760811DAF7369003AEA3C /* Resources */ = {
			isa = PBXResourcesBuildPhase;
			buildActionMask = 2147483647;
			files = (
			);
			runOnlyForDeploymentPostprocessing = 0;
		};
		1F77608C1DAF7369003AEA3C /* Resources */ = {
			isa = PBXResourcesBuildPhase;
			buildActionMask = 2147483647;
			files = (
			);
			runOnlyForDeploymentPostprocessing = 0;
		};
/* End PBXResourcesBuildPhase section */

/* Begin PBXSourcesBuildPhase section */
		1F7760681DAF7368003AEA3C /* Sources */ = {
			isa = PBXSourcesBuildPhase;
			buildActionMask = 2147483647;
			files = (
				1F7760721DAF7369003AEA3C /* ViewController.swift in Sources */,
				1F7760701DAF7369003AEA3C /* AppDelegate.swift in Sources */,
				1F7760781DAF7369003AEA3C /* Untremor.xcdatamodeld in Sources */,
			);
			runOnlyForDeploymentPostprocessing = 0;
		};
		1F77607F1DAF7369003AEA3C /* Sources */ = {
			isa = PBXSourcesBuildPhase;
			buildActionMask = 2147483647;
			files = (
				1F7760881DAF7369003AEA3C /* UntremorTests.swift in Sources */,
			);
			runOnlyForDeploymentPostprocessing = 0;
		};
		1F77608A1DAF7369003AEA3C /* Sources */ = {
			isa = PBXSourcesBuildPhase;
			buildActionMask = 2147483647;
			files = (
				1F7760931DAF7369003AEA3C /* UntremorUITests.swift in Sources */,
			);
			runOnlyForDeploymentPostprocessing = 0;
		};
/* End PBXSourcesBuildPhase section */

/* Begin PBXTargetDependency section */
		1F7760851DAF7369003AEA3C /* PBXTargetDependency */ = {
			isa = PBXTargetDependency;
			target = 1F77606B1DAF7368003AEA3C /* Untremor */;
			targetProxy = 1F7760841DAF7369003AEA3C /* PBXContainerItemProxy */;
		};
		1F7760901DAF7369003AEA3C /* PBXTargetDependency */ = {
			isa = PBXTargetDependency;
			target = 1F77606B1DAF7368003AEA3C /* Untremor */;
			targetProxy = 1F77608F1DAF7369003AEA3C /* PBXContainerItemProxy */;
		};
/* End PBXTargetDependency section */

/* Begin PBXVariantGroup section */
		1F7760731DAF7369003AEA3C /* Main.storyboard */ = {
			isa = PBXVariantGroup;
			children = (
				1F7760741DAF7369003AEA3C /* Base */,
			);
			name = Main.storyboard;
			sourceTree = "<group>";
		};
		1F77607B1DAF7369003AEA3C /* LaunchScreen.storyboard */ = {
			isa = PBXVariantGroup;
			children = (
				1F77607C1DAF7369003AEA3C /* Base */,
			);
			name = LaunchScreen.storyboard;
			sourceTree = "<group>";
		};
/* End PBXVariantGroup section */

/* Begin XCBuildConfiguration section */
		1F7760951DAF7369003AEA3C /* Debug */ = {
			isa = XCBuildConfiguration;
			buildSettings = {
				ALWAYS_SEARCH_USER_PATHS = NO;
				CLANG_ANALYZER_NONNULL = YES;
				CLANG_CXX_LANGUAGE_STANDARD = "gnu++0x";
				CLANG_CXX_LIBRARY = "libc++";
				CLANG_ENABLE_MODULES = YES;
				CLANG_ENABLE_OBJC_ARC = YES;
				CLANG_WARN_BOOL_CONVERSION = YES;
				CLANG_WARN_CONSTANT_CONVERSION = YES;
				CLANG_WARN_DIRECT_OBJC_ISA_USAGE = YES_ERROR;
				CLANG_WARN_DOCUMENTATION_COMMENTS = YES;
				CLANG_WARN_EMPTY_BODY = YES;
				CLANG_WARN_ENUM_CONVERSION = YES;
				CLANG_WARN_INFINITE_RECURSION = YES;
				CLANG_WARN_INT_CONVERSION = YES;
				CLANG_WARN_OBJC_ROOT_CLASS = YES_ERROR;
				CLANG_WARN_SUSPICIOUS_MOVES = YES;
				CLANG_WARN_UNREACHABLE_CODE = YES;
				CLANG_WARN__DUPLICATE_METHOD_MATCH = YES;
				"CODE_SIGN_IDENTITY[sdk=iphoneos*]" = "iPhone Developer";
				COPY_PHASE_STRIP = NO;
				DEBUG_INFORMATION_FORMAT = dwarf;
				ENABLE_STRICT_OBJC_MSGSEND = YES;
				ENABLE_TESTABILITY = YES;
				GCC_C_LANGUAGE_STANDARD = gnu99;
				GCC_DYNAMIC_NO_PIC = NO;
				GCC_NO_COMMON_BLOCKS = YES;
				GCC_OPTIMIZATION_LEVEL = 0;
				GCC_PREPROCESSOR_DEFINITIONS = (
					"DEBUG=1",
					"$(inherited)",
				);
				GCC_WARN_64_TO_32_BIT_CONVERSION = YES;
				GCC_WARN_ABOUT_RETURN_TYPE = YES_ERROR;
				GCC_WARN_UNDECLARED_SELECTOR = YES;
				GCC_WARN_UNINITIALIZED_AUTOS = YES_AGGRESSIVE;
				GCC_WARN_UNUSED_FUNCTION = YES;
				GCC_WARN_UNUSED_VARIABLE = YES;
				IPHONEOS_DEPLOYMENT_TARGET = 10.0;
				MTL_ENABLE_DEBUG_INFO = YES;
				ONLY_ACTIVE_ARCH = YES;
				SDKROOT = iphoneos;
				SWIFT_ACTIVE_COMPILATION_CONDITIONS = DEBUG;
				SWIFT_OPTIMIZATION_LEVEL = "-Onone";
			};
			name = Debug;
		};
		1F7760961DAF7369003AEA3C /* Release */ = {
			isa = XCBuildConfiguration;
			buildSettings = {
				ALWAYS_SEARCH_USER_PATHS = NO;
				CLANG_ANALYZER_NONNULL = YES;
				CLANG_CXX_LANGUAGE_STANDARD = "gnu++0x";
				CLANG_CXX_LIBRARY = "libc++";
				CLANG_ENABLE_MODULES = YES;
				CLANG_ENABLE_OBJC_ARC = YES;
				CLANG_WARN_BOOL_CONVERSION = YES;
				CLANG_WARN_CONSTANT_CONVERSION = YES;
				CLANG_WARN_DIRECT_OBJC_ISA_USAGE = YES_ERROR;
				CLANG_WARN_DOCUMENTATION_COMMENTS = YES;
				CLANG_WARN_EMPTY_BODY = YES;
				CLANG_WARN_ENUM_CONVERSION = YES;
				CLANG_WARN_INFINITE_RECURSION = YES;
				CLANG_WARN_INT_CONVERSION = YES;
				CLANG_WARN_OBJC_ROOT_CLASS = YES_ERROR;
				CLANG_WARN_SUSPICIOUS_MOVES = YES;
				CLANG_WARN_UNREACHABLE_CODE = YES;
				CLANG_WARN__DUPLICATE_METHOD_MATCH = YES;
				"CODE_SIGN_IDENTITY[sdk=iphoneos*]" = "iPhone Developer";
				COPY_PHASE_STRIP = NO;
				DEBUG_INFORMATION_FORMAT = "dwarf-with-dsym";
				ENABLE_NS_ASSERTIONS = NO;
				ENABLE_STRICT_OBJC_MSGSEND = YES;
				GCC_C_LANGUAGE_STANDARD = gnu99;
				GCC_NO_COMMON_BLOCKS = YES;
				GCC_WARN_64_TO_32_BIT_CONVERSION = YES;
				GCC_WARN_ABOUT_RETURN_TYPE = YES_ERROR;
				GCC_WARN_UNDECLARED_SELECTOR = YES;
				GCC_WARN_UNINITIALIZED_AUTOS = YES_AGGRESSIVE;
				GCC_WARN_UNUSED_FUNCTION = YES;
				GCC_WARN_UNUSED_VARIABLE = YES;
				IPHONEOS_DEPLOYMENT_TARGET = 10.0;
				MTL_ENABLE_DEBUG_INFO = NO;
				SDKROOT = iphoneos;
				SWIFT_OPTIMIZATION_LEVEL = "-Owholemodule";
				VALIDATE_PRODUCT = YES;
			};
			name = Release;
		};
		1F7760981DAF7369003AEA3C /* Debug */ = {
			isa = XCBuildConfiguration;
			buildSettings = {
				ASSETCATALOG_COMPILER_APPICON_NAME = AppIcon;
				INFOPLIST_FILE = Untremor/Info.plist;
				LD_RUNPATH_SEARCH_PATHS = "$(inherited) @executable_path/Frameworks";
				PRODUCT_BUNDLE_IDENTIFIER = MBF.Untremor;
				PRODUCT_NAME = "$(TARGET_NAME)";
				SWIFT_VERSION = 3.0;
			};
			name = Debug;
		};
		1F7760991DAF7369003AEA3C /* Release */ = {
			isa = XCBuildConfiguration;
			buildSettings = {
				ASSETCATALOG_COMPILER_APPICON_NAME = AppIcon;
				INFOPLIST_FILE = Untremor/Info.plist;
				LD_RUNPATH_SEARCH_PATHS = "$(inherited) @executable_path/Frameworks";
				PRODUCT_BUNDLE_IDENTIFIER = MBF.Untremor;
				PRODUCT_NAME = "$(TARGET_NAME)";
				SWIFT_VERSION = 3.0;
			};
			name = Release;
		};
		1F77609B1DAF7369003AEA3C /* Debug */ = {
			isa = XCBuildConfiguration;
			buildSettings = {
				ALWAYS_EMBED_SWIFT_STANDARD_LIBRARIES = YES;
				BUNDLE_LOADER = "$(TEST_HOST)";
				INFOPLIST_FILE = UntremorTests/Info.plist;
				LD_RUNPATH_SEARCH_PATHS = "$(inherited) @executable_path/Frameworks @loader_path/Frameworks";
				PRODUCT_BUNDLE_IDENTIFIER = MBF.UntremorTests;
				PRODUCT_NAME = "$(TARGET_NAME)";
				SWIFT_VERSION = 3.0;
				TEST_HOST = "$(BUILT_PRODUCTS_DIR)/Untremor.app/Untremor";
			};
			name = Debug;
		};
		1F77609C1DAF7369003AEA3C /* Release */ = {
			isa = XCBuildConfiguration;
			buildSettings = {
				ALWAYS_EMBED_SWIFT_STANDARD_LIBRARIES = YES;
				BUNDLE_LOADER = "$(TEST_HOST)";
				INFOPLIST_FILE = UntremorTests/Info.plist;
				LD_RUNPATH_SEARCH_PATHS = "$(inherited) @executable_path/Frameworks @loader_path/Frameworks";
				PRODUCT_BUNDLE_IDENTIFIER = MBF.UntremorTests;
				PRODUCT_NAME = "$(TARGET_NAME)";
				SWIFT_VERSION = 3.0;
				TEST_HOST = "$(BUILT_PRODUCTS_DIR)/Untremor.app/Untremor";
			};
			name = Release;
		};
		1F77609E1DAF7369003AEA3C /* Debug */ = {
			isa = XCBuildConfiguration;
			buildSettings = {
				ALWAYS_EMBED_SWIFT_STANDARD_LIBRARIES = YES;
				INFOPLIST_FILE = UntremorUITests/Info.plist;
				LD_RUNPATH_SEARCH_PATHS = "$(inherited) @executable_path/Frameworks @loader_path/Frameworks";
				PRODUCT_BUNDLE_IDENTIFIER = MBF.UntremorUITests;
				PRODUCT_NAME = "$(TARGET_NAME)";
				SWIFT_VERSION = 3.0;
				TEST_TARGET_NAME = Untremor;
			};
			name = Debug;
		};
		1F77609F1DAF7369003AEA3C /* Release */ = {
			isa = XCBuildConfiguration;
			buildSettings = {
				ALWAYS_EMBED_SWIFT_STANDARD_LIBRARIES = YES;
				INFOPLIST_FILE = UntremorUITests/Info.plist;
				LD_RUNPATH_SEARCH_PATHS = "$(inherited) @executable_path/Frameworks @loader_path/Frameworks";
				PRODUCT_BUNDLE_IDENTIFIER = MBF.UntremorUITests;
				PRODUCT_NAME = "$(TARGET_NAME)";
				SWIFT_VERSION = 3.0;
				TEST_TARGET_NAME = Untremor;
			};
			name = Release;
		};
/* End XCBuildConfiguration section */

/* Begin XCConfigurationList section */
		1F7760671DAF7368003AEA3C /* Build configuration list for PBXProject "Untremor" */ = {
			isa = XCConfigurationList;
			buildConfigurations = (
				1F7760951DAF7369003AEA3C /* Debug */,
				1F7760961DAF7369003AEA3C /* Release */,
			);
			defaultConfigurationIsVisible = 0;
			defaultConfigurationName = Release;
		};
		1F7760971DAF7369003AEA3C /* Build configuration list for PBXNativeTarget "Untremor" */ = {
			isa = XCConfigurationList;
			buildConfigurations = (
				1F7760981DAF7369003AEA3C /* Debug */,
				1F7760991DAF7369003AEA3C /* Release */,
			);
			defaultConfigurationIsVisible = 0;
		};
		1F77609A1DAF7369003AEA3C /* Build configuration list for PBXNativeTarget "UntremorTests" */ = {
			isa = XCConfigurationList;
			buildConfigurations = (
				1F77609B1DAF7369003AEA3C /* Debug */,
				1F77609C1DAF7369003AEA3C /* Release */,
			);
			defaultConfigurationIsVisible = 0;
		};
		1F77609D1DAF7369003AEA3C /* Build configuration list for PBXNativeTarget "UntremorUITests" */ = {
			isa = XCConfigurationList;
			buildConfigurations = (
				1F77609E1DAF7369003AEA3C /* Debug */,
				1F77609F1DAF7369003AEA3C /* Release */,
			);
			defaultConfigurationIsVisible = 0;
		};
/* End XCConfigurationList section */

/* Begin XCVersionGroup section */
		1F7760761DAF7369003AEA3C /* Untremor.xcdatamodeld */ = {
			isa = XCVersionGroup;
			children = (
				1F7760771DAF7369003AEA3C /* Untremor.xcdatamodel */,
			);
			currentVersion = 1F7760771DAF7369003AEA3C /* Untremor.xcdatamodel */;
			path = Untremor.xcdatamodeld;
			sourceTree = "<group>";
			versionGroupType = wrapper.xcdatamodel;
		};
/* End XCVersionGroup section */
	};
	rootObject = 1F7760641DAF7368003AEA3C /* Project object */;
}
